{
  "name": "hia-aspnetportal-dotnetdoc-pilot",
  "version": "0.1.0",
  "lockfileVersion": 3,
  "requires": true,
  "packages": {
    "": {
      "name": "hia-aspnetportal-dotnetdoc-pilot",
      "version": "0.1.0",
      "devDependencies": {
        "@hia-doc/cli": "^0.1.5",
        "@hia-doc/dotnetdoc-runner": "^0.1.8"
      },
      "engines": {
        "node": ">=20.19.0"
      }
    },
    "node_modules/@hia-doc/browser-panel": {
      "version": "0.1.0",
      "resolved": "https://registry.npmjs.org/@hia-doc/browser-panel/-/browser-panel-0.1.0.tgz",
      "integrity": "sha512-milyjUkbSjf79kk3Sf7l2krAevTZbgaGC8RgQaBu7g2LDbTp3BeQJ7cWJh8w3c1fxWnWKU0ZOFiYORDLTJIGcg==",
      "dev": true,
      "dependencies": {
        "@hia-doc/source-linkage": "0.1.0"
      },
      "engines": {
        "node": ">=20.19.0"
      }
    },
    "node_modules/@hia-doc/cli": {
      "version": "0.1.5",
      "resolved": "https://registry.npmjs.org/@hia-doc/cli/-/cli-0.1.5.tgz",
      "integrity": "sha512-tGQxMv37lkm2yfoc07BIpdvMak3RiU4xppCiEOJKeadQmda8cKTuXOgxh+KqTevQyrfsINoNesL6wYsQGRyIpA==",
      "dev": true,
      "dependencies": {
        "@hia-doc/browser-panel": "0.1.0",
        "@hia-doc/config": "0.1.4",
        "@hia-doc/core": "0.1.0",
        "@hia-doc/parser-jsdoc": "0.1.0",
        "@hia-doc/plugin-sdk": "0.1.2",
        "@hia-doc/profile": "0.1.0",
        "@hia-doc/renderer-html": "0.1.3",
        "@hia-doc/source-linkage": "0.1.0"
      },
      "bin": {
        "hia": "dist/index.js"
      },
      "engines": {
        "node": ">=20.19.0"
      }
    },
    "node_modules/@hia-doc/config": {
      "version": "0.1.4",
      "resolved": "https://registry.npmjs.org/@hia-doc/config/-/config-0.1.4.tgz",
      "integrity": "sha512-173ABiiX78wg/PpRrPdROEC+gR0/KA9aFFATNFDG8JYoXE/cbI+l9WPwEqK6S2iEp/lc15U1HFLe6NgUHHI/Xg==",
      "dev": true,
      "dependencies": {
        "@hia-doc/core": "0.1.0"
      },
      "engines": {
        "node": ">=20.19.0"
      }
    },
    "node_modules/@hia-doc/core": {
      "version": "0.1.0",
      "resolved": "https://registry.npmjs.org/@hia-doc/core/-/core-0.1.0.tgz",
      "integrity": "sha512-Lc7v7YY1GTQskPy2t0x2TatW2JoROqY1l1EetVWazNZZEE3SGqgOykqoetPJiXUWydZnImlmrNiPNrB3HP6nig==",
      "dev": true,
      "engines": {
        "node": ">=20.19.0"
      }
    },
    "node_modules/@hia-doc/dotnet-source-extractor": {
      "version": "0.1.8",
      "resolved": "https://registry.npmjs.org/@hia-doc/dotnet-source-extractor/-/dotnet-source-extractor-0.1.8.tgz",
      "integrity": "sha512-IX3JEKnCPVuRhMb6p4KUWpdxdigeHU3FLNyGJC91eLpCxvuxNDKm5qEg3gyym3soueTeaA1HWJ/DoY8KhKC1WQ==",
      "dev": true,
      "dependencies": {
        "@hia-doc/dotnet-xml-doc-extractor": "0.1.8",
        "@hia-doc/dotnetdoc-spec": "0.1.8",
        "fast-xml-parser": "5.3.2"
      }
    },
    "node_modules/@hia-doc/dotnet-xml-doc-extractor": {
      "version": "0.1.8",
      "resolved": "https://registry.npmjs.org/@hia-doc/dotnet-xml-doc-extractor/-/dotnet-xml-doc-extractor-0.1.8.tgz",
      "integrity": "sha512-2n94xZQnsFsAyX7pxjLUzboBAITpu9AZ9sNc+QJ/CCMw63uZFXx9XMOpMSo91KMZkU5oulk2MMjoUhbhyCEzAg==",
      "dev": true,
      "dependencies": {
        "@hia-doc/dotnetdoc-spec": "0.1.8",
        "fast-xml-parser": "5.3.2"
      }
    },
    "node_modules/@hia-doc/dotnetdoc-adapter": {
      "version": "0.1.8",
      "resolved": "https://registry.npmjs.org/@hia-doc/dotnetdoc-adapter/-/dotnetdoc-adapter-0.1.8.tgz",
      "integrity": "sha512-jfQ78c/aBfxRTADUh1p7wLlQ8OHqiI2JpXT0xnwDPLo3kIqDWZcqaUTqUszsi3/yrUTaKHoyO9aetkNEa+tSmQ==",
      "dev": true,
      "dependencies": {
        "@hia-doc/dotnetdoc-spec": "0.1.8"
      }
    },
    "node_modules/@hia-doc/dotnetdoc-runner": {
      "version": "0.1.8",
      "resolved": "https://registry.npmjs.org/@hia-doc/dotnetdoc-runner/-/dotnetdoc-runner-0.1.8.tgz",
      "integrity": "sha512-08dMwEjpr89FrBF0z/yIY8y6gMZjOxQ0fdsLm96Oo8vN+a2QT3tQtY+QZkh492kCKLjc/fB7XMBGGIj8fgh2OQ==",
      "dev": true,
      "dependencies": {
        "@hia-doc/dotnet-source-extractor": "0.1.8",
        "@hia-doc/dotnet-xml-doc-extractor": "0.1.8",
        "@hia-doc/dotnetdoc-adapter": "0.1.8",
        "@hia-doc/dotnetdoc-spec": "0.1.8"
      },
      "bin": {
        "dotnetdoc": "src/cli.mjs",
        "hia-dotnetdoc": "src/cli.mjs"
      }
    },
    "node_modules/@hia-doc/dotnetdoc-spec": {
      "version": "0.1.8",
      "resolved": "https://registry.npmjs.org/@hia-doc/dotnetdoc-spec/-/dotnetdoc-spec-0.1.8.tgz",
      "integrity": "sha512-sqkIgV08FvZmMYtfrdwZBO5SFbUnkdhMYnQFOCQ5esTF+yjv9i+dctO8LPAFm3Kd55FGMjdVmk+6ZLYqUYToqw==",
      "dev": true
    },
    "node_modules/@hia-doc/parser-jsdoc": {
      "version": "0.1.0",
      "resolved": "https://registry.npmjs.org/@hia-doc/parser-jsdoc/-/parser-jsdoc-0.1.0.tgz",
      "integrity": "sha512-ht8As+/oLEyLkLO8jdGhccYF5XRXLS53V3y9vPw8Qz/kpfcoR9pJlGAgaAafW2AkTgJhqcxOyIPVonmc8+L+DA==",
      "dev": true,
      "dependencies": {
        "@hia-doc/core": "0.1.0"
      },
      "engines": {
        "node": ">=20.19.0"
      }
    },
    "node_modules/@hia-doc/plugin-sdk": {
      "version": "0.1.2",
      "resolved": "https://registry.npmjs.org/@hia-doc/plugin-sdk/-/plugin-sdk-0.1.2.tgz",
      "integrity": "sha512-nq/0x0tkeX5s6CEeRjcEvf8U0YIlmy3m694o1l/FtGy2RO/HuLodC8nL7hgV0PqUZ2t54Yf+nmiCeyA2ACpO1w==",
      "dev": true,
      "dependencies": {
        "@hia-doc/core": "0.1.0"
      },
      "engines": {
        "node": ">=20.19.0"
      }
    },
    "node_modules/@hia-doc/profile": {
      "version": "0.1.0",
      "resolved": "https://registry.npmjs.org/@hia-doc/profile/-/profile-0.1.0.tgz",
      "integrity": "sha512-1r57Gm3p20CQAr62edVe+kOmzQtL+8qJep0mggjnp+JE/jM7INcO3RYRcnaFhPrBnTOmcr0l8YtYGdXiuyP4Tw==",
      "dev": true,
      "dependencies": {
        "@hia-doc/core": "0.1.0"
      },
      "engines": {
        "node": ">=20.19.0"
      }
    },
    "node_modules/@hia-doc/renderer-html": {
      "version": "0.1.3",
      "resolved": "https://registry.npmjs.org/@hia-doc/renderer-html/-/renderer-html-0.1.3.tgz",
      "integrity": "sha512-s/AknyYZczT0p7Uzx+RvtD2nutfWM1Pg2FTIqJHH5JBw23dD4cKwK4IoUMgzL/AKUeAxXhCAjLZtViX0aCrupg==",
      "dev": true,
      "dependencies": {
        "@hia-doc/core": "0.1.0",
        "@hia-doc/theme-default": "0.1.2"
      },
      "engines": {
        "node": ">=20.19.0"
      }
    },
    "node_modules/@hia-doc/source-linkage": {
      "version": "0.1.0",
      "resolved": "https://registry.npmjs.org/@hia-doc/source-linkage/-/source-linkage-0.1.0.tgz",
      "integrity": "sha512-MSpDBXdbDiYYavuVgSpPOnu9PIZxjbkHwg/9OgnilYjIY1F8Tkrmj5fCKaM1O5u+Jm/0KjG+hCRPL0H3GlYXlQ==",
      "dev": true,
      "dependencies": {
        "@hia-doc/core": "0.1.0",
        "@jridgewell/trace-mapping": "^0.3.31"
      },
      "engines": {
        "node": ">=20.19.0"
      }
    },
    "node_modules/@hia-doc/theme-default": {
      "version": "0.1.2",
      "resolved": "https://registry.npmjs.org/@hia-doc/theme-default/-/theme-default-0.1.2.tgz",
      "integrity": "sha512-g0otmfOLponmGRaOfbjw7h61luYwtIERW/5lq7fKzttkGI0QHymQ/DeT649bxaLrkHJL0fkUx8Ln8kScCr6XCQ==",
      "dev": true,
      "engines": {
        "node": ">=20.19.0"
      }
    },
    "node_modules/@jridgewell/resolve-uri": {
      "version": "3.1.2",
      "resolved": "https://registry.npmjs.org/@jridgewell/resolve-uri/-/resolve-uri-3.1.2.tgz",
      "integrity": "sha512-bRISgCIjP20/tbWSPWMEi54QVPRZExkuD9lJL+UIxUKtwVJA8wW1Trb1jMs1RFXo1CBTNZ/5hpC9QvmKWdopKw==",
      "dev": true,
      "engines": {
        "node": ">=6.0.0"
      }
    },
    "node_modules/@jridgewell/sourcemap-codec": {
      "version": "1.5.5",
      "resolved": "https://registry.npmjs.org/@jridgewell/sourcemap-codec/-/sourcemap-codec-1.5.5.tgz",
      "integrity": "sha512-cYQ9310grqxueWbl+WuIUIaiUaDcj7WOq5fVhEljNVgRfOUhY9fy2zTvfoqWsnebh8Sl70VScFbICvJnLKB0Og==",
      "dev": true
    },
    "node_modules/@jridgewell/trace-mapping": {
      "version": "0.3.31",
      "resolved": "https://registry.npmjs.org/@jridgewell/trace-mapping/-/trace-mapping-0.3.31.tgz",
      "integrity": "sha512-zzNR+SdQSDJzc8joaeP8QQoCQr8NuYx2dIIytl1QeBEZHJ9uW6hebsrYgbz8hJwUQao3TWCMtmfV8Nu1twOLAw==",
      "dev": true,
      "dependencies": {
        "@jridgewell/resolve-uri": "^3.1.0",
        "@jridgewell/sourcemap-codec": "^1.4.14"
      }
    },
    "node_modules/@nodable/entities": {
      "version": "2.2.0",
      "resolved": "https://registry.npmjs.org/@nodable/entities/-/entities-2.2.0.tgz",
      "integrity": "sha512-9uGyhaQavEUMC8AIddIjau4NsnsXhou+j5sBAGojCM1oxmQpVKTWR/9JxABD6UAv12vpIms55fPZKFQEhG6uBg==",
      "dev": true,
      "funding": [
        {
          "type": "github",
          "url": "https://github.com/sponsors/nodable"
        }
      ]
    },
    "node_modules/anynum": {
      "version": "1.0.1",
      "resolved": "https://registry.npmjs.org/anynum/-/anynum-1.0.1.tgz",
      "integrity": "sha512-N6//FLET/tXYNM/F6ABca1oH6fWB+KlTt909Le28WMDBk8oaT4vY17DCrwg2MvmuqUKt3Ni4N5dGJ/EoBgcO6A==",
      "dev": true,
      "funding": [
        {
          "type": "github",
          "url": "https://github.com/sponsors/NaturalIntelligence"
        }
      ]
    },
    "node_modules/fast-xml-builder": {
      "version": "1.3.0",
      "resolved": "https://registry.npmjs.org/fast-xml-builder/-/fast-xml-builder-1.3.0.tgz",
      "integrity": "sha512-F74cZEdCvuw9P41GAC3rod4X04jjWGM1JPEv/GWSqFTWLsdyMSBMBMlm9Hk3GLBgLBbdBNY8yee0pQh2RBVESQ==",
      "dev": true,
      "funding": [
        {
          "type": "github",
          "url": "https://github.com/sponsors/NaturalIntelligence"
        }
      ],
      "dependencies": {
        "path-expression-matcher": "^1.6.2",
        "xml-naming": "^0.3.0"
      }
    },
    "node_modules/fast-xml-parser": {
      "version": "5.7.0",
      "resolved": "https://registry.npmjs.org/fast-xml-parser/-/fast-xml-parser-5.7.0.tgz",
      "integrity": "sha512-MTcrUoRQ1GSQ9iG3QJzBGquYYYeA7piZaJoIWbPFGbRn6Jj6z7xgoAyi4DrZX4y2ZIQQBF59gc/zmvvejjgoFQ==",
      "dev": true,
      "funding": [
        {
          "type": "github",
          "url": "https://github.com/sponsors/NaturalIntelligence"
        }
      ],
      "dependencies": {
        "@nodable/entities": "^2.1.0",
        "fast-xml-builder": "^1.1.5",
        "path-expression-matcher": "^1.5.0",
        "strnum": "^2.2.3"
      },
      "bin": {
        "fxparser": "src/cli/cli.js"
      }
    },
    "node_modules/path-expression-matcher": {
      "version": "1.6.2",
      "resolved": "https://registry.npmjs.org/path-expression-matcher/-/path-expression-matcher-1.6.2.tgz",
      "integrity": "sha512-enSlaiat05iasnzmgNxRj8reFdj3puY2QpNgP1aPIaVfT6nn9ICuPoFlKHk8EN22HcwewshO+mN2DGbkCEOtqQ==",
      "dev": true,
      "funding": [
        {
          "type": "github",
          "url": "https://github.com/sponsors/NaturalIntelligence"
        }
      ],
      "engines": {
        "node": ">=14.0.0"
      }
    },
    "node_modules/strnum": {
      "version": "2.4.1",
      "resolved": "https://registry.npmjs.org/strnum/-/strnum-2.4.1.tgz",
      "integrity": "sha512-M9eUSMT2dCB2cTNPG7UYj6KuK7RJR2SN2+yCV/fTW3xzTCS6EaGZ5pSMgDIjB7r8zSfTGk+dvvn9rTjpVS9Mwg==",
      "dev": true,
      "funding": [
        {
          "type": "github",
          "url": "https://github.com/sponsors/NaturalIntelligence"
        }
      ],
      "dependencies": {
        "anynum": "^1.0.1"
      }
    },
    "node_modules/xml-naming": {
      "version": "0.3.0",
      "resolved": "https://registry.npmjs.org/xml-naming/-/xml-naming-0.3.0.tgz",
      "integrity": "sha512-ghig2TBE/H11aOVgmahA3MhimvkBr6JIYknH/Dhdk10nXwdbIqBJsbfMxpvFPG8bAw77gN29aQWvKpmVoPlvPQ==",
      "dev": true,
      "funding": [
        {
          "type": "github",
          "url": "https://github.com/sponsors/NaturalIntelligence"
        }
      ],
      "engines": {
        "node": ">=16.0.0"
      }
    }
  }
}
